
Microsoft Visual Studio Solution File, Format Version 12.00
# Visual Studio 2013
VisualStudioVersion = 12.0.31101.0
MinimumVisualStudioVersion = 10.0.40219.1
Project("{FAE04EC0-301F-11D3-BF4B-00C04F79EFBC}") = "ConsoleFramework", "ConsoleFramework\ConsoleFramework.csproj", "{70F64D6A-1A88-451B-B8E4-1B4D6BC44EA1}"
EndProject
Project("{2150E333-8FDC-42A3-9474-1A3956D46DE8}") = "Tests", "Tests", "{B9D519C5-8198-41C5-8B93-5555714A9623}"
EndProject
Project("{FAE04EC0-301F-11D3-BF4B-00C04F79EFBC}") = "ConsoleAnimation", "ConsoleAnimation\ConsoleAnimation.csproj", "{458BC252-B717-4794-84E9-D9B363175A93}"
EndProject
Global
	GlobalSection(SolutionConfigurationPlatforms) = preSolution
		Debug|Any CPU = Debug|Any CPU
		Release|Any CPU = Release|Any CPU
	EndGlobalSection
	GlobalSection(ProjectConfigurationPlatforms) = postSolution
		{70F64D6A-1A88-451B-B8E4-1B4D6BC44EA1}.Debug|Any CPU.ActiveCfg = Debug|Any CPU
		{70F64D6A-1A88-451B-B8E4-1B4D6BC44EA1}.Debug|Any CPU.Build.0 = Debug|Any CPU
		{70F64D6A-1A88-451B-B8E4-1B4D6BC44EA1}.Release|Any CPU.ActiveCfg = Release|Any CPU
		{70F64D6A-1A88-451B-B8E4-1B4D6BC44EA1}.Release|Any CPU.Build.0 = Release|Any CPU
		{458BC252-B717-4794-84E9-D9B363175A93}.Debug|Any CPU.ActiveCfg = Debug|Any CPU
		{458BC252-B717-4794-84E9-D9B363175A93}.Debug|Any CPU.Build.0 = Debug|Any CPU
		{458BC252-B717-4794-84E9-D9B363175A93}.Release|Any CPU.ActiveCfg = Release|Any CPU
		{458BC252-B717-4794-84E9-D9B363175A93}.Release|Any CPU.Build.0 = Release|Any CPU
	EndGlobalSection
	GlobalSection(SolutionProperties) = preSolution
		HideSolutionNode = FALSE
	EndGlobalSection
	GlobalSection(NestedProjects) = preSolution
		{458BC252-B717-4794-84E9-D9B363175A93} = {B9D519C5-8198-41C5-8B93-5555714A9623}
	EndGlobalSection
EndGlobal
